
Microsoft Visual Studio Solution File, Format Version 12.00
# Visual Studio Version 16
VisualStudioVersion = 16.0.29411.108
MinimumVisualStudioVersion = 10.0.40219.1
Project("{9A19103F-16F7-4668-BE54-9A1E7A4F7556}") = "NetBDI.Example1", "samples\NetBDI.Example1\NetBDI.Example1.csproj", "{DB11B3F5-1957-4083-B835-765C3A9313A4}"
EndProject
Project("{9A19103F-16F7-4668-BE54-9A1E7A4F7556}") = "NetBDI.Core", "src\NetBDI.Core\NetBDI.Core.csproj", "{EBBDD315-20D0-4406-8E3B-3522E89F362F}"
EndProject
Project("{9A19103F-16F7-4668-BE54-9A1E7A4F7556}") = "NetBDI.STRIPS", "src\NetBDI.STRIPS\NetBDI.STRIPS.csproj", "{66789AB0-6F93-4591-9020-7EE64FDF4ACA}"
EndProject
Project("{9A19103F-16F7-4668-BE54-9A1E7A4F7556}") = "NetBDI.STRIPS.UnitTests", "src\NetBDI.STRIPS.UnitTests\NetBDI.STRIPS.UnitTests.csproj", "{F6BAD51E-C5A4-4DBF-9C92-990504F4D9E2}"
EndProject
Project("{9A19103F-16F7-4668-BE54-9A1E7A4F7556}") = "NetBDI.Core.UnitTests", "src\NetBDI.Core.UnitTests\NetBDI.Core.UnitTests.csproj", "{E8C6F005-566B-46A1-80F9-91C99D6C3701}"
EndProject
Project("{9A19103F-16F7-4668-BE54-9A1E7A4F7556}") = "NetBDI.Example1GUI", "samples\NetBDI.Example1GUI\NetBDI.Example1GUI.csproj", "{CD72DF8E-50AF-4579-A07F-7F23FABB4DBD}"
EndProject
Project("{9A19103F-16F7-4668-BE54-9A1E7A4F7556}") = "NetBDI.Example2", "samples\NetBDI.Example2\NetBDI.Example2.csproj", "{36488009-2402-431D-82EE-56B6970C69D1}"
EndProject
Project("{9A19103F-16F7-4668-BE54-9A1E7A4F7556}") = "NetBDI.Example2GUI", "samples\NetBDI.Example2GUI\NetBDI.Example2GUI.csproj", "{1EE15D85-E737-4ACF-98DC-AD9EF2798972}"
EndProject
Project("{2150E333-8FDC-42A3-9474-1A3956D46DE8}") = "src", "src", "{DC0E8DCF-25A7-4C77-B133-05F5D002F900}"
EndProject
Project("{2150E333-8FDC-42A3-9474-1A3956D46DE8}") = "samples", "samples", "{CB48BFBF-C716-41C1-ADF6-5584B803B432}"
EndProject
Global
	GlobalSection(SolutionConfigurationPlatforms) = preSolution
		Debug|Any CPU = Debug|Any CPU
		Release|Any CPU = Release|Any CPU
	EndGlobalSection
	GlobalSection(ProjectConfigurationPlatforms) = postSolution
		{DB11B3F5-1957-4083-B835-765C3A9313A4}.Debug|Any CPU.ActiveCfg = Debug|Any CPU
		{DB11B3F5-1957-4083-B835-765C3A9313A4}.Debug|Any CPU.Build.0 = Debug|Any CPU
		{DB11B3F5-1957-4083-B835-765C3A9313A4}.Release|Any CPU.ActiveCfg = Release|Any CPU
		{DB11B3F5-1957-4083-B835-765C3A9313A4}.Release|Any CPU.Build.0 = Release|Any CPU
		{EBBDD315-20D0-4406-8E3B-3522E89F362F}.Debug|Any CPU.ActiveCfg = Debug|Any CPU
		{EBBDD315-20D0-4406-8E3B-3522E89F362F}.Debug|Any CPU.Build.0 = Debug|Any CPU
		{EBBDD315-20D0-4406-8E3B-3522E89F362F}.Release|Any CPU.ActiveCfg = Release|Any CPU
		{EBBDD315-20D0-4406-8E3B-3522E89F362F}.Release|Any CPU.Build.0 = Release|Any CPU
		{66789AB0-6F93-4591-9020-7EE64FDF4ACA}.Debug|Any CPU.ActiveCfg = Debug|Any CPU
		{66789AB0-6F93-4591-9020-7EE64FDF4ACA}.Debug|Any CPU.Build.0 = Debug|Any CPU
		{66789AB0-6F93-4591-9020-7EE64FDF4ACA}.Release|Any CPU.ActiveCfg = Release|Any CPU
		{66789AB0-6F93-4591-9020-7EE64FDF4ACA}.Release|Any CPU.Build.0 = Release|Any CPU
		{F6BAD51E-C5A4-4DBF-9C92-990504F4D9E2}.Debug|Any CPU.ActiveCfg = Debug|Any CPU
		{F6BAD51E-C5A4-4DBF-9C92-990504F4D9E2}.Debug|Any CPU.Build.0 = Debug|Any CPU
		{F6BAD51E-C5A4-4DBF-9C92-990504F4D9E2}.Release|Any CPU.ActiveCfg = Release|Any CPU
		{F6BAD51E-C5A4-4DBF-9C92-990504F4D9E2}.Release|Any CPU.Build.0 = Release|Any CPU
		{E8C6F005-566B-46A1-80F9-91C99D6C3701}.Debug|Any CPU.ActiveCfg = Debug|Any CPU
		{E8C6F005-566B-46A1-80F9-91C99D6C3701}.Debug|Any CPU.Build.0 = Debug|Any CPU
		{E8C6F005-566B-46A1-80F9-91C99D6C3701}.Release|Any CPU.ActiveCfg = Release|Any CPU
		{E8C6F005-566B-46A1-80F9-91C99D6C3701}.Release|Any CPU.Build.0 = Release|Any CPU
		{CD72DF8E-50AF-4579-A07F-7F23FABB4DBD}.Debug|Any CPU.ActiveCfg = Debug|Any CPU
		{CD72DF8E-50AF-4579-A07F-7F23FABB4DBD}.Debug|Any CPU.Build.0 = Debug|Any CPU
		{CD72DF8E-50AF-4579-A07F-7F23FABB4DBD}.Release|Any CPU.ActiveCfg = Release|Any CPU
		{CD72DF8E-50AF-4579-A07F-7F23FABB4DBD}.Release|Any CPU.Build.0 = Release|Any CPU
		{36488009-2402-431D-82EE-56B6970C69D1}.Debug|Any CPU.ActiveCfg = Debug|Any CPU
		{36488009-2402-431D-82EE-56B6970C69D1}.Debug|Any CPU.Build.0 = Debug|Any CPU
		{36488009-2402-431D-82EE-56B6970C69D1}.Release|Any CPU.ActiveCfg = Release|Any CPU
		{36488009-2402-431D-82EE-56B6970C69D1}.Release|Any CPU.Build.0 = Release|Any CPU
		{1EE15D85-E737-4ACF-98DC-AD9EF2798972}.Debug|Any CPU.ActiveCfg = Debug|Any CPU
		{1EE15D85-E737-4ACF-98DC-AD9EF2798972}.Debug|Any CPU.Build.0 = Debug|Any CPU
		{1EE15D85-E737-4ACF-98DC-AD9EF2798972}.Release|Any CPU.ActiveCfg = Release|Any CPU
		{1EE15D85-E737-4ACF-98DC-AD9EF2798972}.Release|Any CPU.Build.0 = Release|Any CPU
	EndGlobalSection
	GlobalSection(SolutionProperties) = preSolution
		HideSolutionNode = FALSE
	EndGlobalSection
	GlobalSection(NestedProjects) = preSolution
		{DB11B3F5-1957-4083-B835-765C3A9313A4} = {CB48BFBF-C716-41C1-ADF6-5584B803B432}
		{EBBDD315-20D0-4406-8E3B-3522E89F362F} = {DC0E8DCF-25A7-4C77-B133-05F5D002F900}
		{66789AB0-6F93-4591-9020-7EE64FDF4ACA} = {DC0E8DCF-25A7-4C77-B133-05F5D002F900}
		{F6BAD51E-C5A4-4DBF-9C92-990504F4D9E2} = {DC0E8DCF-25A7-4C77-B133-05F5D002F900}
		{E8C6F005-566B-46A1-80F9-91C99D6C3701} = {DC0E8DCF-25A7-4C77-B133-05F5D002F900}
		{CD72DF8E-50AF-4579-A07F-7F23FABB4DBD} = {CB48BFBF-C716-41C1-ADF6-5584B803B432}
		{36488009-2402-431D-82EE-56B6970C69D1} = {CB48BFBF-C716-41C1-ADF6-5584B803B432}
		{1EE15D85-E737-4ACF-98DC-AD9EF2798972} = {CB48BFBF-C716-41C1-ADF6-5584B803B432}
	EndGlobalSection
	GlobalSection(ExtensibilityGlobals) = postSolution
		SolutionGuid = {32605DF2-3EF1-459A-A4B1-1CD1320C1A1F}
	EndGlobalSection
EndGlobal
